# This file was autogenerated by Stack.
# You should not edit this file by hand.
# For more information, please see the documentation at:
#   https://docs.haskellstack.org/en/stable/lock_files

packages:
- completed:
    hackage: megaparsec-9.2.1@sha256:d3756f634324f4d3ae57088bbf544723871cdb584508fc9b5c9e33ad9de3d313,3354
    pantry-tree:
      size: 1518
      sha256: c7899d6fde1f3f56a094af8894ad1d4815332053c390992634202ba1d59804f2
  original:
    hackage: megaparsec-9.2.1@sha256:d3756f634324f4d3ae57088bbf544723871cdb584508fc9b5c9e33ad9de3d313,3354
- completed:
    hackage: case-insensitive-1.2.1.0@sha256:9dfd3171fc7698cf8d931727d3af3a7b389135b583e46b5adac1f9d2026fff61,2244
    pantry-tree:
      size: 688
      sha256: d6f175b17eacce002fc5336c17e119d989bd97f8ad9702446163c9e27c7c79b7
  original:
    hackage: case-insensitive-1.2.1.0@sha256:9dfd3171fc7698cf8d931727d3af3a7b389135b583e46b5adac1f9d2026fff61,2244
- completed:
    hackage: parser-combinators-1.3.0@sha256:edd54ba56cbae8fadbcceebcfef31b2c70a835e92e5eda41151b939c40647281,1570
    pantry-tree:
      size: 795
      sha256: 0754c8d3f213156877f8085da2ad74433167a6c30272b8b64119a2628bd7ade0
  original:
    hackage: parser-combinators-1.3.0@sha256:edd54ba56cbae8fadbcceebcfef31b2c70a835e92e5eda41151b939c40647281,1570
- completed:
    hackage: scientific-0.3.7.0@sha256:517444c944dad9db8235d7b311d7b9a0839a519ee3178288b5a9606256e0c7d8,4840
    pantry-tree:
      size: 657
      sha256: 27d0f081a1b8243e2558a82776ab4725f3db131e69f042cc44a0d3987611ec01
  original:
    hackage: scientific-0.3.7.0@sha256:517444c944dad9db8235d7b311d7b9a0839a519ee3178288b5a9606256e0c7d8,4840
- completed:
    hackage: hashable-1.4.1.0@sha256:50b2f002c68fe67730ee7a3cd8607486197dd99b084255005ad51ecd6970a41b,5019
    pantry-tree:
      size: 1248
      sha256: 9af2f7a42674f7effcabbebc043f97057240783f1709338a77f58216f4a5f18c
  original:
    hackage: hashable-1.4.1.0@sha256:50b2f002c68fe67730ee7a3cd8607486197dd99b084255005ad51ecd6970a41b,5019
- completed:
    hackage: integer-logarithms-1.0.3.1@sha256:d59bfd1d39808217af2b68789d3c0e57cb7199d47405a276060d88fef4f4017d,3246
    pantry-tree:
      size: 865
      sha256: a74cf31b8152f5b761fe0133fe394012bb796f12242cdd3f49e538552b48fab7
  original:
    hackage: integer-logarithms-1.0.3.1@sha256:d59bfd1d39808217af2b68789d3c0e57cb7199d47405a276060d88fef4f4017d,3246
- completed:
    hackage: primitive-0.7.4.0@sha256:89b88a3e08493b7727fa4089b0692bfbdf7e1e666ef54635f458644eb8358764,2857
    pantry-tree:
      size: 1655
      sha256: 71a850c658b70e869da19f61615d87d9d6ecec597f0e3d4b498da56559114829
  original:
    hackage: primitive-0.7.4.0@sha256:89b88a3e08493b7727fa4089b0692bfbdf7e1e666ef54635f458644eb8358764,2857
snapshots: []
